
Microsoft Visual Studio Solution File, Format Version 12.00
# Visual Studio Version 17
VisualStudioVersion = 17.5.002.0
MinimumVisualStudioVersion = 10.0.40219.1
Project("{9A19103F-16F7-4668-BE54-9A1E7A4F7556}") = "Structure Decision", "Structure Decision.csproj", "{B64E2F87-A71D-4268-9FA3-0BCC8EDE58DD}"
EndProject
Project("{FAE04EC0-301F-11D3-BF4B-00C04F79EFBC}") = "StructureDecision.Test.UnitTest", "..\StructureDecisionTest\StructureDecision.Test.UnitTest.csproj", "{9C677FD0-4DF9-4EEA-BE32-B96D9B7D052B}"
EndProject
Project("{FAE04EC0-301F-11D3-BF4B-00C04F79EFBC}") = "List", "..\List\List.csproj", "{87E81F07-C6ED-460E-A195-CD3D46D77F4A}"
EndProject
Project("{FAE04EC0-301F-11D3-BF4B-00C04F79EFBC}") = "List.Test.UnitTest", "..\List.Test.UnitTest\List.Test.UnitTest.csproj", "{8E355F3D-9961-4CA6-B0D8-4DAC031F1E39}"
EndProject
Global
	GlobalSection(SolutionConfigurationPlatforms) = preSolution
		Debug|Any CPU = Debug|Any CPU
		Release|Any CPU = Release|Any CPU
	EndGlobalSection
	GlobalSection(ProjectConfigurationPlatforms) = postSolution
		{B64E2F87-A71D-4268-9FA3-0BCC8EDE58DD}.Debug|Any CPU.ActiveCfg = Debug|Any CPU
		{B64E2F87-A71D-4268-9FA3-0BCC8EDE58DD}.Debug|Any CPU.Build.0 = Debug|Any CPU
		{B64E2F87-A71D-4268-9FA3-0BCC8EDE58DD}.Release|Any CPU.ActiveCfg = Release|Any CPU
		{B64E2F87-A71D-4268-9FA3-0BCC8EDE58DD}.Release|Any CPU.Build.0 = Release|Any CPU
		{9C677FD0-4DF9-4EEA-BE32-B96D9B7D052B}.Debug|Any CPU.ActiveCfg = Debug|Any CPU
		{9C677FD0-4DF9-4EEA-BE32-B96D9B7D052B}.Debug|Any CPU.Build.0 = Debug|Any CPU
		{9C677FD0-4DF9-4EEA-BE32-B96D9B7D052B}.Release|Any CPU.ActiveCfg = Release|Any CPU
		{9C677FD0-4DF9-4EEA-BE32-B96D9B7D052B}.Release|Any CPU.Build.0 = Release|Any CPU
		{87E81F07-C6ED-460E-A195-CD3D46D77F4A}.Debug|Any CPU.ActiveCfg = Debug|Any CPU
		{87E81F07-C6ED-460E-A195-CD3D46D77F4A}.Debug|Any CPU.Build.0 = Debug|Any CPU
		{87E81F07-C6ED-460E-A195-CD3D46D77F4A}.Release|Any CPU.ActiveCfg = Release|Any CPU
		{87E81F07-C6ED-460E-A195-CD3D46D77F4A}.Release|Any CPU.Build.0 = Release|Any CPU
		{8E355F3D-9961-4CA6-B0D8-4DAC031F1E39}.Debug|Any CPU.ActiveCfg = Debug|Any CPU
		{8E355F3D-9961-4CA6-B0D8-4DAC031F1E39}.Debug|Any CPU.Build.0 = Debug|Any CPU
		{8E355F3D-9961-4CA6-B0D8-4DAC031F1E39}.Release|Any CPU.ActiveCfg = Release|Any CPU
		{8E355F3D-9961-4CA6-B0D8-4DAC031F1E39}.Release|Any CPU.Build.0 = Release|Any CPU
	EndGlobalSection
	GlobalSection(SolutionProperties) = preSolution
		HideSolutionNode = FALSE
	EndGlobalSection
	GlobalSection(ExtensibilityGlobals) = postSolution
		SolutionGuid = {B36670E5-48D1-4666-B9A6-1841387D1DC1}
	EndGlobalSection
EndGlobal
