
Microsoft Visual Studio Solution File, Format Version 12.00
# Visual Studio Version 17
VisualStudioVersion = 17.5.002.0
MinimumVisualStudioVersion = 10.0.40219.1
Project("{9A19103F-16F7-4668-BE54-9A1E7A4F7556}") = "Structure Decision", "Structure Decision.csproj", "{B64E2F87-A71D-4268-9FA3-0BCC8EDE58DD}"
EndProject
Project("{FAE04EC0-301F-11D3-BF4B-00C04F79EFBC}") = "StructureDecision.Test.UnitTest", "..\StructureDecisionTest\StructureDecision.Test.UnitTest.csproj", "{9C677FD0-4DF9-4EEA-BE32-B96D9B7D052B}"
EndProject
Project("{2150E333-8FDC-42A3-9474-1A3956D46DE8}") = "Solution Items", "Solution Items", "{C37CE4F3-FD3C-4A95-AA01-6588C01AF881}"
EndProject
Global
	GlobalSection(SolutionConfigurationPlatforms) = preSolution
		Debug|Any CPU = Debug|Any CPU
		Release|Any CPU = Release|Any CPU
	EndGlobalSection
	GlobalSection(ProjectConfigurationPlatforms) = postSolution
		{B64E2F87-A71D-4268-9FA3-0BCC8EDE58DD}.Debug|Any CPU.ActiveCfg = Debug|Any CPU
		{B64E2F87-A71D-4268-9FA3-0BCC8EDE58DD}.Debug|Any CPU.Build.0 = Debug|Any CPU
		{B64E2F87-A71D-4268-9FA3-0BCC8EDE58DD}.Release|Any CPU.ActiveCfg = Release|Any CPU
		{B64E2F87-A71D-4268-9FA3-0BCC8EDE58DD}.Release|Any CPU.Build.0 = Release|Any CPU
		{9C677FD0-4DF9-4EEA-BE32-B96D9B7D052B}.Debug|Any CPU.ActiveCfg = Debug|Any CPU
		{9C677FD0-4DF9-4EEA-BE32-B96D9B7D052B}.Debug|Any CPU.Build.0 = Debug|Any CPU
		{9C677FD0-4DF9-4EEA-BE32-B96D9B7D052B}.Release|Any CPU.ActiveCfg = Release|Any CPU
		{9C677FD0-4DF9-4EEA-BE32-B96D9B7D052B}.Release|Any CPU.Build.0 = Release|Any CPU
	EndGlobalSection
	GlobalSection(SolutionProperties) = preSolution
		HideSolutionNode = FALSE
	EndGlobalSection
	GlobalSection(ExtensibilityGlobals) = postSolution
		SolutionGuid = {B36670E5-48D1-4666-B9A6-1841387D1DC1}
	EndGlobalSection
EndGlobal
